// !$*UTF8*$!
{
	archiveVersion = 1;
	classes = {
	};
	objectVersion = 56;
	objects = {

/* Begin PBXBuildFile section */
		04216B6C29EE1BD200617856 /* CategoryHome.swift in Sources */ = {isa = PBXBuildFile; fileRef = 04216B6B29EE1BD200617856 /* CategoryHome.swift */; };
		04216B6E29EE1DC800617856 /* CategoryRow.swift in Sources */ = {isa = PBXBuildFile; fileRef = 04216B6D29EE1DC700617856 /* CategoryRow.swift */; };
		04216B7029EE1E1800617856 /* CategoryItem.swift in Sources */ = {isa = PBXBuildFile; fileRef = 04216B6F29EE1E1800617856 /* CategoryItem.swift */; };
		04216B7229EE25C300617856 /* Profile.swift in Sources */ = {isa = PBXBuildFile; fileRef = 04216B7129EE25C300617856 /* Profile.swift */; };
		04216B7529EE25FF00617856 /* ProfileHost.swift in Sources */ = {isa = PBXBuildFile; fileRef = 04216B7429EE25FF00617856 /* ProfileHost.swift */; };
		04216B7729EE263600617856 /* ProfileSummary.swift in Sources */ = {isa = PBXBuildFile; fileRef = 04216B7629EE263600617856 /* ProfileSummary.swift */; };
		04216B7929EE267D00617856 /* HikeBadge.swift in Sources */ = {isa = PBXBuildFile; fileRef = 04216B7829EE267D00617856 /* HikeBadge.swift */; };
		04216B7B29EE289400617856 /* ProfileEditor.swift in Sources */ = {isa = PBXBuildFile; fileRef = 04216B7A29EE289400617856 /* ProfileEditor.swift */; };
		04216B7E29EE2A1000617856 /* PageViewController.swift in Sources */ = {isa = PBXBuildFile; fileRef = 04216B7D29EE2A1000617856 /* PageViewController.swift */; };
		04216B8029EE2BAF00617856 /* FeatureCard.swift in Sources */ = {isa = PBXBuildFile; fileRef = 04216B7F29EE2BAF00617856 /* FeatureCard.swift */; };
		04216B8229EE2BE900617856 /* PageView.swift in Sources */ = {isa = PBXBuildFile; fileRef = 04216B8129EE2BE900617856 /* PageView.swift */; };
		04216B8429EE307A00617856 /* PageControl.swift in Sources */ = {isa = PBXBuildFile; fileRef = 04216B8329EE307A00617856 /* PageControl.swift */; };
		04216B8E29EE322A00617856 /* ContentView.swift in Sources */ = {isa = PBXBuildFile; fileRef = 04216B8D29EE322A00617856 /* ContentView.swift */; };
		04216B9029EE322B00617856 /* Assets.xcassets in Resources */ = {isa = PBXBuildFile; fileRef = 04216B8F29EE322B00617856 /* Assets.xcassets */; };
		04216B9329EE322B00617856 /* Preview Assets.xcassets in Resources */ = {isa = PBXBuildFile; fileRef = 04216B9229EE322B00617856 /* Preview Assets.xcassets */; };
		0432053A29FA99440018D78B /* MapView.swift in Sources */ = {isa = PBXBuildFile; fileRef = 04DF080629E8E1CA0061CF58 /* MapView.swift */; };
		0432053B29FA99440018D78B /* landmarkData.json in Resources */ = {isa = PBXBuildFile; fileRef = 04DF080829E8E4030061CF58 /* landmarkData.json */; };
		0432053C29FA99440018D78B /* FavoriteButton.swift in Sources */ = {isa = PBXBuildFile; fileRef = 04DF081C29E8F52F0061CF58 /* FavoriteButton.swift */; };
		0432053D29FA99440018D78B /* LandmarkList.swift in Sources */ = {isa = PBXBuildFile; fileRef = 04DF081829E8E9250061CF58 /* LandmarkList.swift */; };
		0432053E29FA99440018D78B /* _706012110045_Nicholas_CI_AFL_3App.swift in Sources */ = {isa = PBXBuildFile; fileRef = 04DF07F629E8DE0B0061CF58 /* _706012110045_Nicholas_CI_AFL_3App.swift */; };
		0432053F29FA99440018D78B /* hikeData.json in Resources */ = {isa = PBXBuildFile; fileRef = 04DF082B29E8FBFA0061CF58 /* hikeData.json */; };
		0432054029FA99440018D78B /* Profile.swift in Sources */ = {isa = PBXBuildFile; fileRef = 04216B7129EE25C300617856 /* Profile.swift */; };
		0432054129FA99440018D78B /* CircleImage.swift in Sources */ = {isa = PBXBuildFile; fileRef = 04DF080429E8E0FA0061CF58 /* CircleImage.swift */; };
		0432054229FA99440018D78B /* LandmarkRow.swift in Sources */ = {isa = PBXBuildFile; fileRef = 04DF081229E8E7040061CF58 /* LandmarkRow.swift */; };
		0432054329FA99440018D78B /* ModelData.swift in Sources */ = {isa = PBXBuildFile; fileRef = 04DF080C29E8E5620061CF58 /* ModelData.swift */; };
		0432054429FA99440018D78B /* Hike.swift in Sources */ = {isa = PBXBuildFile; fileRef = 04DF082D29E8FC0E0061CF58 /* Hike.swift */; };
		0432054529FA99440018D78B /* Assets.xcassets in Resources */ = {isa = PBXBuildFile; fileRef = 04DF07FA29E8DE0C0061CF58 /* Assets.xcassets */; };
		0432054629FA99440018D78B /* Landmark.swift in Sources */ = {isa = PBXBuildFile; fileRef = 04DF080A29E8E41C0061CF58 /* Landmark.swift */; };
		04DF07F729E8DE0B0061CF58 /* _706012110045_Nicholas_CI_AFL_3App.swift in Sources */ = {isa = PBXBuildFile; fileRef = 04DF07F629E8DE0B0061CF58 /* _706012110045_Nicholas_CI_AFL_3App.swift */; };
		04DF07F929E8DE0B0061CF58 /* ContentView.swift in Sources */ = {isa = PBXBuildFile; fileRef = 04DF07F829E8DE0B0061CF58 /* ContentView.swift */; };
		04DF07FB29E8DE0C0061CF58 /* Assets.xcassets in Resources */ = {isa = PBXBuildFile; fileRef = 04DF07FA29E8DE0C0061CF58 /* Assets.xcassets */; };
		04DF07FE29E8DE0C0061CF58 /* Preview Assets.xcassets in Resources */ = {isa = PBXBuildFile; fileRef = 04DF07FD29E8DE0C0061CF58 /* Preview Assets.xcassets */; };
		04DF080529E8E0FA0061CF58 /* CircleImage.swift in Sources */ = {isa = PBXBuildFile; fileRef = 04DF080429E8E0FA0061CF58 /* CircleImage.swift */; };
		04DF080729E8E1CA0061CF58 /* MapView.swift in Sources */ = {isa = PBXBuildFile; fileRef = 04DF080629E8E1CA0061CF58 /* MapView.swift */; };
		04DF080929E8E4030061CF58 /* landmarkData.json in Resources */ = {isa = PBXBuildFile; fileRef = 04DF080829E8E4030061CF58 /* landmarkData.json */; };
		04DF080B29E8E41C0061CF58 /* Landmark.swift in Sources */ = {isa = PBXBuildFile; fileRef = 04DF080A29E8E41C0061CF58 /* Landmark.swift */; };
		04DF080D29E8E5620061CF58 /* ModelData.swift in Sources */ = {isa = PBXBuildFile; fileRef = 04DF080C29E8E5620061CF58 /* ModelData.swift */; };
		04DF081329E8E7040061CF58 /* LandmarkRow.swift in Sources */ = {isa = PBXBuildFile; fileRef = 04DF081229E8E7040061CF58 /* LandmarkRow.swift */; };
		04DF081929E8E9250061CF58 /* LandmarkList.swift in Sources */ = {isa = PBXBuildFile; fileRef = 04DF081829E8E9250061CF58 /* LandmarkList.swift */; };
		04DF081B29E8EAA00061CF58 /* LandmarkDetail.swift in Sources */ = {isa = PBXBuildFile; fileRef = 04DF081A29E8EAA00061CF58 /* LandmarkDetail.swift */; };
		04DF081D29E8F52F0061CF58 /* FavoriteButton.swift in Sources */ = {isa = PBXBuildFile; fileRef = 04DF081C29E8F52F0061CF58 /* FavoriteButton.swift */; };
		04DF082129E8F6EF0061CF58 /* HexagonParameters.swift in Sources */ = {isa = PBXBuildFile; fileRef = 04DF082029E8F6EF0061CF58 /* HexagonParameters.swift */; };
		04DF082329E8F7770061CF58 /* BadgeBackground.swift in Sources */ = {isa = PBXBuildFile; fileRef = 04DF082229E8F7770061CF58 /* BadgeBackground.swift */; };
		04DF082529E8F8990061CF58 /* BadgeSymbol.swift in Sources */ = {isa = PBXBuildFile; fileRef = 04DF082429E8F8990061CF58 /* BadgeSymbol.swift */; };
		04DF082729E8F94C0061CF58 /* RotatedBadgeSymbol.swift in Sources */ = {isa = PBXBuildFile; fileRef = 04DF082629E8F94C0061CF58 /* RotatedBadgeSymbol.swift */; };
		04DF082929E8F99A0061CF58 /* Badge.swift in Sources */ = {isa = PBXBuildFile; fileRef = 04DF082829E8F99A0061CF58 /* Badge.swift */; };
		04DF082C29E8FBFA0061CF58 /* hikeData.json in Resources */ = {isa = PBXBuildFile; fileRef = 04DF082B29E8FBFA0061CF58 /* hikeData.json */; };
		04DF082E29E8FC0E0061CF58 /* Hike.swift in Sources */ = {isa = PBXBuildFile; fileRef = 04DF082D29E8FC0E0061CF58 /* Hike.swift */; };
		04DF083429E8FC4E0061CF58 /* GraphCapsule.swift in Sources */ = {isa = PBXBuildFile; fileRef = 04DF083029E8FC4E0061CF58 /* GraphCapsule.swift */; };
		04DF083529E8FC4E0061CF58 /* HikeGraph.swift in Sources */ = {isa = PBXBuildFile; fileRef = 04DF083129E8FC4E0061CF58 /* HikeGraph.swift */; };
		04DF083629E8FC4E0061CF58 /* HikeDetail.swift in Sources */ = {isa = PBXBuildFile; fileRef = 04DF083229E8FC4E0061CF58 /* HikeDetail.swift */; };
		04DF083729E8FC4E0061CF58 /* HikeView.swift in Sources */ = {isa = PBXBuildFile; fileRef = 04DF083329E8FC4E0061CF58 /* HikeView.swift */; };
/* End PBXBuildFile section */

/* Begin PBXFileReference section */
		04216B6B29EE1BD200617856 /* CategoryHome.swift */ = {isa = PBXFileReference; lastKnownFileType = sourcecode.swift; path = CategoryHome.swift; sourceTree = "<group>"; };
		04216B6D29EE1DC700617856 /* CategoryRow.swift */ = {isa = PBXFileReference; lastKnownFileType = sourcecode.swift; path = CategoryRow.swift; sourceTree = "<group>"; };
		04216B6F29EE1E1800617856 /* CategoryItem.swift */ = {isa = PBXFileReference; lastKnownFileType = sourcecode.swift; path = CategoryItem.swift; sourceTree = "<group>"; };
		04216B7129EE25C300617856 /* Profile.swift */ = {isa = PBXFileReference; lastKnownFileType = sourcecode.swift; path = Profile.swift; sourceTree = "<group>"; };
		04216B7429EE25FF00617856 /* ProfileHost.swift */ = {isa = PBXFileReference; lastKnownFileType = sourcecode.swift; path = ProfileHost.swift; sourceTree = "<group>"; };
		04216B7629EE263600617856 /* ProfileSummary.swift */ = {isa = PBXFileReference; lastKnownFileType = sourcecode.swift; path = ProfileSummary.swift; sourceTree = "<group>"; };
		04216B7829EE267D00617856 /* HikeBadge.swift */ = {isa = PBXFileReference; lastKnownFileType = sourcecode.swift; path = HikeBadge.swift; sourceTree = "<group>"; };
		04216B7A29EE289400617856 /* ProfileEditor.swift */ = {isa = PBXFileReference; lastKnownFileType = sourcecode.swift; path = ProfileEditor.swift; sourceTree = "<group>"; };
		04216B7D29EE2A1000617856 /* PageViewController.swift */ = {isa = PBXFileReference; lastKnownFileType = sourcecode.swift; path = PageViewController.swift; sourceTree = "<group>"; };
		04216B7F29EE2BAF00617856 /* FeatureCard.swift */ = {isa = PBXFileReference; lastKnownFileType = sourcecode.swift; path = FeatureCard.swift; sourceTree = "<group>"; };
		04216B8129EE2BE900617856 /* PageView.swift */ = {isa = PBXFileReference; lastKnownFileType = sourcecode.swift; path = PageView.swift; sourceTree = "<group>"; };
		04216B8329EE307A00617856 /* PageControl.swift */ = {isa = PBXFileReference; lastKnownFileType = sourcecode.swift; path = PageControl.swift; sourceTree = "<group>"; };
		04216B8929EE322A00617856 /* MacLandmarks.app */ = {isa = PBXFileReference; explicitFileType = wrapper.application; includeInIndex = 0; path = MacLandmarks.app; sourceTree = BUILT_PRODUCTS_DIR; };
		04216B8D29EE322A00617856 /* ContentView.swift */ = {isa = PBXFileReference; lastKnownFileType = sourcecode.swift; path = ContentView.swift; sourceTree = "<group>"; };
		04216B8F29EE322B00617856 /* Assets.xcassets */ = {isa = PBXFileReference; lastKnownFileType = folder.assetcatalog; path = Assets.xcassets; sourceTree = "<group>"; };
		04216B9229EE322B00617856 /* Preview Assets.xcassets */ = {isa = PBXFileReference; lastKnownFileType = folder.assetcatalog; path = "Preview Assets.xcassets"; sourceTree = "<group>"; };
		04216B9429EE322B00617856 /* MacLandmarks.entitlements */ = {isa = PBXFileReference; lastKnownFileType = text.plist.entitlements; path = MacLandmarks.entitlements; sourceTree = "<group>"; };
		04DF07F329E8DE0B0061CF58 /* 0706012110045-Nicholas CI-AFL 3.app */ = {isa = PBXFileReference; explicitFileType = wrapper.application; includeInIndex = 0; path = "0706012110045-Nicholas CI-AFL 3.app"; sourceTree = BUILT_PRODUCTS_DIR; };
		04DF07F629E8DE0B0061CF58 /* _706012110045_Nicholas_CI_AFL_3App.swift */ = {isa = PBXFileReference; lastKnownFileType = sourcecode.swift; path = _706012110045_Nicholas_CI_AFL_3App.swift; sourceTree = "<group>"; };
		04DF07F829E8DE0B0061CF58 /* ContentView.swift */ = {isa = PBXFileReference; lastKnownFileType = sourcecode.swift; path = ContentView.swift; sourceTree = "<group>"; };
		04DF07FA29E8DE0C0061CF58 /* Assets.xcassets */ = {isa = PBXFileReference; lastKnownFileType = folder.assetcatalog; path = Assets.xcassets; sourceTree = "<group>"; };
		04DF07FD29E8DE0C0061CF58 /* Preview Assets.xcassets */ = {isa = PBXFileReference; lastKnownFileType = folder.assetcatalog; path = "Preview Assets.xcassets"; sourceTree = "<group>"; };
		04DF080429E8E0FA0061CF58 /* CircleImage.swift */ = {isa = PBXFileReference; lastKnownFileType = sourcecode.swift; path = CircleImage.swift; sourceTree = "<group>"; };
		04DF080629E8E1CA0061CF58 /* MapView.swift */ = {isa = PBXFileReference; lastKnownFileType = sourcecode.swift; path = MapView.swift; sourceTree = "<group>"; };
		04DF080829E8E4030061CF58 /* landmarkData.json */ = {isa = PBXFileReference; fileEncoding = 4; lastKnownFileType = text.json; path = landmarkData.json; sourceTree = "<group>"; };
		04DF080A29E8E41C0061CF58 /* Landmark.swift */ = {isa = PBXFileReference; lastKnownFileType = sourcecode.swift; path = Landmark.swift; sourceTree = "<group>"; };
		04DF080C29E8E5620061CF58 /* ModelData.swift */ = {isa = PBXFileReference; lastKnownFileType = sourcecode.swift; path = ModelData.swift; sourceTree = "<group>"; };
		04DF081229E8E7040061CF58 /* LandmarkRow.swift */ = {isa = PBXFileReference; lastKnownFileType = sourcecode.swift; path = LandmarkRow.swift; sourceTree = "<group>"; };
		04DF081829E8E9250061CF58 /* LandmarkList.swift */ = {isa = PBXFileReference; lastKnownFileType = sourcecode.swift; path = LandmarkList.swift; sourceTree = "<group>"; };
		04DF081A29E8EAA00061CF58 /* LandmarkDetail.swift */ = {isa = PBXFileReference; lastKnownFileType = sourcecode.swift; path = LandmarkDetail.swift; sourceTree = "<group>"; };
		04DF081C29E8F52F0061CF58 /* FavoriteButton.swift */ = {isa = PBXFileReference; lastKnownFileType = sourcecode.swift; path = FavoriteButton.swift; sourceTree = "<group>"; };
		04DF082029E8F6EF0061CF58 /* HexagonParameters.swift */ = {isa = PBXFileReference; lastKnownFileType = sourcecode.swift; path = HexagonParameters.swift; sourceTree = "<group>"; };
		04DF082229E8F7770061CF58 /* BadgeBackground.swift */ = {isa = PBXFileReference; lastKnownFileType = sourcecode.swift; path = BadgeBackground.swift; sourceTree = "<group>"; };
		04DF082429E8F8990061CF58 /* BadgeSymbol.swift */ = {isa = PBXFileReference; lastKnownFileType = sourcecode.swift; path = BadgeSymbol.swift; sourceTree = "<group>"; };
		04DF082629E8F94C0061CF58 /* RotatedBadgeSymbol.swift */ = {isa = PBXFileReference; lastKnownFileType = sourcecode.swift; path = RotatedBadgeSymbol.swift; sourceTree = "<group>"; };
		04DF082829E8F99A0061CF58 /* Badge.swift */ = {isa = PBXFileReference; lastKnownFileType = sourcecode.swift; path = Badge.swift; sourceTree = "<group>"; };
		04DF082B29E8FBFA0061CF58 /* hikeData.json */ = {isa = PBXFileReference; fileEncoding = 4; lastKnownFileType = text.json; path = hikeData.json; sourceTree = "<group>"; };
		04DF082D29E8FC0E0061CF58 /* Hike.swift */ = {isa = PBXFileReference; lastKnownFileType = sourcecode.swift; path = Hike.swift; sourceTree = "<group>"; };
		04DF083029E8FC4E0061CF58 /* GraphCapsule.swift */ = {isa = PBXFileReference; fileEncoding = 4; lastKnownFileType = sourcecode.swift; path = GraphCapsule.swift; sourceTree = "<group>"; };
		04DF083129E8FC4E0061CF58 /* HikeGraph.swift */ = {isa = PBXFileReference; fileEncoding = 4; lastKnownFileType = sourcecode.swift; path = HikeGraph.swift; sourceTree = "<group>"; };
		04DF083229E8FC4E0061CF58 /* HikeDetail.swift */ = {isa = PBXFileReference; fileEncoding = 4; lastKnownFileType = sourcecode.swift; path = HikeDetail.swift; sourceTree = "<group>"; };
		04DF083329E8FC4E0061CF58 /* HikeView.swift */ = {isa = PBXFileReference; fileEncoding = 4; lastKnownFileType = sourcecode.swift; path = HikeView.swift; sourceTree = "<group>"; };
/* End PBXFileReference section */

/* Begin PBXFrameworksBuildPhase section */
		04216B8629EE322A00617856 /* Frameworks */ = {
			isa = PBXFrameworksBuildPhase;
			buildActionMask = 2147483647;
			files = (
			);
			runOnlyForDeploymentPostprocessing = 0;
		};
		04DF07F029E8DE0B0061CF58 /* Frameworks */ = {
			isa = PBXFrameworksBuildPhase;
			buildActionMask = 2147483647;
			files = (
			);
			runOnlyForDeploymentPostprocessing = 0;
		};
/* End PBXFrameworksBuildPhase section */

/* Begin PBXGroup section */
		04216B6A29EE1BB100617856 /* Categories */ = {
			isa = PBXGroup;
			children = (
				04216B6B29EE1BD200617856 /* CategoryHome.swift */,
				04216B6D29EE1DC700617856 /* CategoryRow.swift */,
				04216B6F29EE1E1800617856 /* CategoryItem.swift */,
			);
			path = Categories;
			sourceTree = "<group>";
		};
		04216B7329EE25E300617856 /* Profiles */ = {
			isa = PBXGroup;
			children = (
				04216B7429EE25FF00617856 /* ProfileHost.swift */,
				04216B7629EE263600617856 /* ProfileSummary.swift */,
				04216B7A29EE289400617856 /* ProfileEditor.swift */,
			);
			path = Profiles;
			sourceTree = "<group>";
		};
		04216B7C29EE29E900617856 /* PageView */ = {
			isa = PBXGroup;
			children = (
				04216B7D29EE2A1000617856 /* PageViewController.swift */,
				04216B7F29EE2BAF00617856 /* FeatureCard.swift */,
				04216B8129EE2BE900617856 /* PageView.swift */,
				04216B8329EE307A00617856 /* PageControl.swift */,
			);
			path = PageView;
			sourceTree = "<group>";
		};
		04216B8A29EE322A00617856 /* MacLandmarks */ = {
			isa = PBXGroup;
			children = (
				04216B8D29EE322A00617856 /* ContentView.swift */,
				04216B8F29EE322B00617856 /* Assets.xcassets */,
				04216B9429EE322B00617856 /* MacLandmarks.entitlements */,
				04216B9129EE322B00617856 /* Preview Content */,
			);
			path = MacLandmarks;
			sourceTree = "<group>";
		};
		04216B9129EE322B00617856 /* Preview Content */ = {
			isa = PBXGroup;
			children = (
				04216B9229EE322B00617856 /* Preview Assets.xcassets */,
			);
			path = "Preview Content";
			sourceTree = "<group>";
		};
		04DF07EA29E8DE0B0061CF58 = {
			isa = PBXGroup;
			children = (
				04DF07F529E8DE0B0061CF58 /* 0706012110045-Nicholas CI-AFL 3 */,
				04216B8A29EE322A00617856 /* MacLandmarks */,
				04DF07F429E8DE0B0061CF58 /* Products */,
			);
			sourceTree = "<group>";
		};
		04DF07F429E8DE0B0061CF58 /* Products */ = {
			isa = PBXGroup;
			children = (
				04DF07F329E8DE0B0061CF58 /* 0706012110045-Nicholas CI-AFL 3.app */,
				04216B8929EE322A00617856 /* MacLandmarks.app */,
			);
			name = Products;
			sourceTree = "<group>";
		};
		04DF07F529E8DE0B0061CF58 /* 0706012110045-Nicholas CI-AFL 3 */ = {
			isa = PBXGroup;
			children = (
				04DF081129E8E65E0061CF58 /* Model */,
				04DF07F629E8DE0B0061CF58 /* _706012110045_Nicholas_CI_AFL_3App.swift */,
				04DF080E29E8E5F00061CF58 /* Views */,
				04DF07FA29E8DE0C0061CF58 /* Assets.xcassets */,
				04DF07FC29E8DE0C0061CF58 /* Preview Content */,
				04DF080F29E8E61F0061CF58 /* Resources */,
			);
			path = "0706012110045-Nicholas CI-AFL 3";
			sourceTree = "<group>";
		};
		04DF07FC29E8DE0C0061CF58 /* Preview Content */ = {
			isa = PBXGroup;
			children = (
				04DF07FD29E8DE0C0061CF58 /* Preview Assets.xcassets */,
			);
			path = "Preview Content";
			sourceTree = "<group>";
		};
		04DF080E29E8E5F00061CF58 /* Views */ = {
			isa = PBXGroup;
			children = (
				04216B7C29EE29E900617856 /* PageView */,
				04216B7329EE25E300617856 /* Profiles */,
				04216B6A29EE1BB100617856 /* Categories */,
				04DF082F29E8FC4E0061CF58 /* Hikes */,
				04DF082A29E8FB230061CF58 /* Badges */,
				04DF081F29E8F5CA0061CF58 /* Helpers */,
				04DF07F829E8DE0B0061CF58 /* ContentView.swift */,
				04DF081E29E8F5AF0061CF58 /* Landmarks */,
			);
			path = Views;
			sourceTree = "<group>";
		};
		04DF080F29E8E61F0061CF58 /* Resources */ = {
			isa = PBXGroup;
			children = (
				04DF080829E8E4030061CF58 /* landmarkData.json */,
				04DF082B29E8FBFA0061CF58 /* hikeData.json */,
			);
			path = Resources;
			sourceTree = "<group>";
		};
		04DF081129E8E65E0061CF58 /* Model */ = {
			isa = PBXGroup;
			children = (
				04DF080A29E8E41C0061CF58 /* Landmark.swift */,
				04DF080C29E8E5620061CF58 /* ModelData.swift */,
				04DF082D29E8FC0E0061CF58 /* Hike.swift */,
				04216B7129EE25C300617856 /* Profile.swift */,
			);
			path = Model;
			sourceTree = "<group>";
		};
		04DF081E29E8F5AF0061CF58 /* Landmarks */ = {
			isa = PBXGroup;
			children = (
				04DF081A29E8EAA00061CF58 /* LandmarkDetail.swift */,
				04DF081229E8E7040061CF58 /* LandmarkRow.swift */,
				04DF081829E8E9250061CF58 /* LandmarkList.swift */,
			);
			path = Landmarks;
			sourceTree = "<group>";
		};
		04DF081F29E8F5CA0061CF58 /* Helpers */ = {
			isa = PBXGroup;
			children = (
				04DF080429E8E0FA0061CF58 /* CircleImage.swift */,
				04DF080629E8E1CA0061CF58 /* MapView.swift */,
				04DF081C29E8F52F0061CF58 /* FavoriteButton.swift */,
			);
			path = Helpers;
			sourceTree = "<group>";
		};
		04DF082A29E8FB230061CF58 /* Badges */ = {
			isa = PBXGroup;
			children = (
				04DF082029E8F6EF0061CF58 /* HexagonParameters.swift */,
				04DF082229E8F7770061CF58 /* BadgeBackground.swift */,
				04DF082429E8F8990061CF58 /* BadgeSymbol.swift */,
				04DF082629E8F94C0061CF58 /* RotatedBadgeSymbol.swift */,
				04DF082829E8F99A0061CF58 /* Badge.swift */,
			);
			path = Badges;
			sourceTree = "<group>";
		};
		04DF082F29E8FC4E0061CF58 /* Hikes */ = {
			isa = PBXGroup;
			children = (
				04DF083029E8FC4E0061CF58 /* GraphCapsule.swift */,
				04DF083129E8FC4E0061CF58 /* HikeGraph.swift */,
				04DF083229E8FC4E0061CF58 /* HikeDetail.swift */,
				04DF083329E8FC4E0061CF58 /* HikeView.swift */,
				04216B7829EE267D00617856 /* HikeBadge.swift */,
			);
			path = Hikes;
			sourceTree = "<group>";
		};
/* End PBXGroup section */

/* Begin PBXNativeTarget section */
		04216B8829EE322A00617856 /* MacLandmarks */ = {
			isa = PBXNativeTarget;
			buildConfigurationList = 04216B9529EE322B00617856 /* Build configuration list for PBXNativeTarget "MacLandmarks" */;
			buildPhases = (
				04216B8529EE322A00617856 /* Sources */,
				04216B8629EE322A00617856 /* Frameworks */,
				04216B8729EE322A00617856 /* Resources */,
			);
			buildRules = (
			);
			dependencies = (
			);
			name = MacLandmarks;
			productName = MacLandmarks;
			productReference = 04216B8929EE322A00617856 /* MacLandmarks.app */;
			productType = "com.apple.product-type.application";
		};
		04DF07F229E8DE0B0061CF58 /* 0706012110045-Nicholas CI-AFL 3 */ = {
			isa = PBXNativeTarget;
			buildConfigurationList = 04DF080129E8DE0C0061CF58 /* Build configuration list for PBXNativeTarget "0706012110045-Nicholas CI-AFL 3" */;
			buildPhases = (
				04DF07EF29E8DE0B0061CF58 /* Sources */,
				04DF07F029E8DE0B0061CF58 /* Frameworks */,
				04DF07F129E8DE0B0061CF58 /* Resources */,
			);
			buildRules = (
			);
			dependencies = (
			);
			name = "0706012110045-Nicholas CI-AFL 3";
			productName = "0706012110045-Nicholas CI-AFL 3";
			productReference = 04DF07F329E8DE0B0061CF58 /* 0706012110045-Nicholas CI-AFL 3.app */;
			productType = "com.apple.product-type.application";
		};
/* End PBXNativeTarget section */

/* Begin PBXProject section */
		04DF07EB29E8DE0B0061CF58 /* Project object */ = {
			isa = PBXProject;
			attributes = {
				BuildIndependentTargetsInParallel = 1;
				LastSwiftUpdateCheck = 1420;
				LastUpgradeCheck = 1420;
				TargetAttributes = {
					04216B8829EE322A00617856 = {
						CreatedOnToolsVersion = 14.2;
					};
					04DF07F229E8DE0B0061CF58 = {
						CreatedOnToolsVersion = 14.2;
					};
				};
			};
			buildConfigurationList = 04DF07EE29E8DE0B0061CF58 /* Build configuration list for PBXProject "0706012110045-Nicholas CI-AFL 3" */;
			compatibilityVersion = "Xcode 14.0";
			developmentRegion = en;
			hasScannedForEncodings = 0;
			knownRegions = (
				en,
				Base,
			);
			mainGroup = 04DF07EA29E8DE0B0061CF58;
			productRefGroup = 04DF07F429E8DE0B0061CF58 /* Products */;
			projectDirPath = "";
			projectRoot = "";
			targets = (
				04DF07F229E8DE0B0061CF58 /* 0706012110045-Nicholas CI-AFL 3 */,
				04216B8829EE322A00617856 /* MacLandmarks */,
			);
		};
/* End PBXProject section */

/* Begin PBXResourcesBuildPhase section */
		04216B8729EE322A00617856 /* Resources */ = {
			isa = PBXResourcesBuildPhase;
			buildActionMask = 2147483647;
			files = (
				0432053F29FA99440018D78B /* hikeData.json in Resources */,
				04216B9329EE322B00617856 /* Preview Assets.xcassets in Resources */,
				04216B9029EE322B00617856 /* Assets.xcassets in Resources */,
				0432053B29FA99440018D78B /* landmarkData.json in Resources */,
				0432054529FA99440018D78B /* Assets.xcassets in Resources */,
			);
			runOnlyForDeploymentPostprocessing = 0;
		};
		04DF07F129E8DE0B0061CF58 /* Resources */ = {
			isa = PBXResourcesBuildPhase;
			buildActionMask = 2147483647;
			files = (
				04DF082C29E8FBFA0061CF58 /* hikeData.json in Resources */,
				04DF07FE29E8DE0C0061CF58 /* Preview Assets.xcassets in Resources */,
				04DF07FB29E8DE0C0061CF58 /* Assets.xcassets in Resources */,
				04DF080929E8E4030061CF58 /* landmarkData.json in Resources */,
			);
			runOnlyForDeploymentPostprocessing = 0;
		};
/* End PBXResourcesBuildPhase section */

/* Begin PBXSourcesBuildPhase section */
		04216B8529EE322A00617856 /* Sources */ = {
			isa = PBXSourcesBuildPhase;
			buildActionMask = 2147483647;
			files = (
				0432054429FA99440018D78B /* Hike.swift in Sources */,
				0432054629FA99440018D78B /* Landmark.swift in Sources */,
				0432053E29FA99440018D78B /* _706012110045_Nicholas_CI_AFL_3App.swift in Sources */,
				0432054029FA99440018D78B /* Profile.swift in Sources */,
				0432054329FA99440018D78B /* ModelData.swift in Sources */,
				0432053C29FA99440018D78B /* FavoriteButton.swift in Sources */,
				0432054129FA99440018D78B /* CircleImage.swift in Sources */,
				04216B8E29EE322A00617856 /* ContentView.swift in Sources */,
				0432053A29FA99440018D78B /* MapView.swift in Sources */,
				0432054229FA99440018D78B /* LandmarkRow.swift in Sources */,
				0432053D29FA99440018D78B /* LandmarkList.swift in Sources */,
			);
			runOnlyForDeploymentPostprocessing = 0;
		};
		04DF07EF29E8DE0B0061CF58 /* Sources */ = {
			isa = PBXSourcesBuildPhase;
			buildActionMask = 2147483647;
			files = (
				04216B6E29EE1DC800617856 /* CategoryRow.swift in Sources */,
				04216B7229EE25C300617856 /* Profile.swift in Sources */,
				04DF07F929E8DE0B0061CF58 /* ContentView.swift in Sources */,
				04216B6C29EE1BD200617856 /* CategoryHome.swift in Sources */,
				04216B8029EE2BAF00617856 /* FeatureCard.swift in Sources */,
				04DF083529E8FC4E0061CF58 /* HikeGraph.swift in Sources */,
				04DF082929E8F99A0061CF58 /* Badge.swift in Sources */,
				04DF080729E8E1CA0061CF58 /* MapView.swift in Sources */,
				04DF083429E8FC4E0061CF58 /* GraphCapsule.swift in Sources */,
				04DF07F729E8DE0B0061CF58 /* _706012110045_Nicholas_CI_AFL_3App.swift in Sources */,
				04216B8429EE307A00617856 /* PageControl.swift in Sources */,
				04DF081D29E8F52F0061CF58 /* FavoriteButton.swift in Sources */,
				04216B7029EE1E1800617856 /* CategoryItem.swift in Sources */,
				04DF083629E8FC4E0061CF58 /* HikeDetail.swift in Sources */,
				04216B7729EE263600617856 /* ProfileSummary.swift in Sources */,
				04DF082129E8F6EF0061CF58 /* HexagonParameters.swift in Sources */,
				04216B7529EE25FF00617856 /* ProfileHost.swift in Sources */,
				04DF082E29E8FC0E0061CF58 /* Hike.swift in Sources */,
				04DF082729E8F94C0061CF58 /* RotatedBadgeSymbol.swift in Sources */,
				04216B8229EE2BE900617856 /* PageView.swift in Sources */,
				04DF082529E8F8990061CF58 /* BadgeSymbol.swift in Sources */,
				04216B7B29EE289400617856 /* ProfileEditor.swift in Sources */,
				04DF081929E8E9250061CF58 /* LandmarkList.swift in Sources */,
				04DF083729E8FC4E0061CF58 /* HikeView.swift in Sources */,
				04DF081B29E8EAA00061CF58 /* LandmarkDetail.swift in Sources */,
				04216B7E29EE2A1000617856 /* PageViewController.swift in Sources */,
				04DF082329E8F7770061CF58 /* BadgeBackground.swift in Sources */,
				04216B7929EE267D00617856 /* HikeBadge.swift in Sources */,
				04DF080529E8E0FA0061CF58 /* CircleImage.swift in Sources */,
				04DF080B29E8E41C0061CF58 /* Landmark.swift in Sources */,
				04DF081329E8E7040061CF58 /* LandmarkRow.swift in Sources */,
				04DF080D29E8E5620061CF58 /* ModelData.swift in Sources */,
			);
			runOnlyForDeploymentPostprocessing = 0;
		};
/* End PBXSourcesBuildPhase section */

/* Begin XCBuildConfiguration section */
		04216B9629EE322B00617856 /* Debug */ = {
			isa = XCBuildConfiguration;
			buildSettings = {
				ASSETCATALOG_COMPILER_APPICON_NAME = AppIcon;
				ASSETCATALOG_COMPILER_GLOBAL_ACCENT_COLOR_NAME = AccentColor;
				CODE_SIGN_ENTITLEMENTS = MacLandmarks/MacLandmarks.entitlements;
				CODE_SIGN_STYLE = Automatic;
				COMBINE_HIDPI_IMAGES = YES;
				CURRENT_PROJECT_VERSION = 1;
				DEVELOPMENT_ASSET_PATHS = "\"MacLandmarks/Preview Content\"";
				DEVELOPMENT_TEAM = 592BA54XZ3;
				ENABLE_HARDENED_RUNTIME = YES;
				ENABLE_PREVIEWS = YES;
				GENERATE_INFOPLIST_FILE = YES;
				INFOPLIST_KEY_NSHumanReadableCopyright = "";
				LD_RUNPATH_SEARCH_PATHS = (
					"$(inherited)",
					"@executable_path/../Frameworks",
				);
				MACOSX_DEPLOYMENT_TARGET = 13.1;
				MARKETING_VERSION = 1.0;
				PRODUCT_BUNDLE_IDENTIFIER = nicholas.MacLandmarks;
				PRODUCT_NAME = "$(TARGET_NAME)";
				SDKROOT = macosx;
				SWIFT_EMIT_LOC_STRINGS = YES;
				SWIFT_VERSION = 5.0;
			};
			name = Debug;
		};
		04216B9729EE322B00617856 /* Release */ = {
			isa = XCBuildConfiguration;
			buildSettings = {
				ASSETCATALOG_COMPILER_APPICON_NAME = AppIcon;
				ASSETCATALOG_COMPILER_GLOBAL_ACCENT_COLOR_NAME = AccentColor;
				CODE_SIGN_ENTITLEMENTS = MacLandmarks/MacLandmarks.entitlements;
				CODE_SIGN_STYLE = Automatic;
				COMBINE_HIDPI_IMAGES = YES;
				CURRENT_PROJECT_VERSION = 1;
				DEVELOPMENT_ASSET_PATHS = "\"MacLandmarks/Preview Content\"";
				DEVELOPMENT_TEAM = 592BA54XZ3;
				ENABLE_HARDENED_RUNTIME = YES;
				ENABLE_PREVIEWS = YES;
				GENERATE_INFOPLIST_FILE = YES;
				INFOPLIST_KEY_NSHumanReadableCopyright = "";
				LD_RUNPATH_SEARCH_PATHS = (
					"$(inherited)",
					"@executable_path/../Frameworks",
				);
				MACOSX_DEPLOYMENT_TARGET = 13.1;
				MARKETING_VERSION = 1.0;
				PRODUCT_BUNDLE_IDENTIFIER = nicholas.MacLandmarks;
				PRODUCT_NAME = "$(TARGET_NAME)";
				SDKROOT = macosx;
				SWIFT_EMIT_LOC_STRINGS = YES;
				SWIFT_VERSION = 5.0;
			};
			name = Release;
		};
		04DF07FF29E8DE0C0061CF58 /* Debug */ = {
			isa = XCBuildConfiguration;
			buildSettings = {
				ALWAYS_SEARCH_USER_PATHS = NO;
				CLANG_ANALYZER_NONNULL = YES;
				CLANG_ANALYZER_NUMBER_OBJECT_CONVERSION = YES_AGGRESSIVE;
				CLANG_CXX_LANGUAGE_STANDARD = "gnu++20";
				CLANG_ENABLE_MODULES = YES;
				CLANG_ENABLE_OBJC_ARC = YES;
				CLANG_ENABLE_OBJC_WEAK = YES;
				CLANG_WARN_BLOCK_CAPTURE_AUTORELEASING = YES;
				CLANG_WARN_BOOL_CONVERSION = YES;
				CLANG_WARN_COMMA = YES;
				CLANG_WARN_CONSTANT_CONVERSION = YES;
				CLANG_WARN_DEPRECATED_OBJC_IMPLEMENTATIONS = YES;
				CLANG_WARN_DIRECT_OBJC_ISA_USAGE = YES_ERROR;
				CLANG_WARN_DOCUMENTATION_COMMENTS = YES;
				CLANG_WARN_EMPTY_BODY = YES;
				CLANG_WARN_ENUM_CONVERSION = YES;
				CLANG_WARN_INFINITE_RECURSION = YES;
				CLANG_WARN_INT_CONVERSION = YES;
				CLANG_WARN_NON_LITERAL_NULL_CONVERSION = YES;
				CLANG_WARN_OBJC_IMPLICIT_RETAIN_SELF = YES;
				CLANG_WARN_OBJC_LITERAL_CONVERSION = YES;
				CLANG_WARN_OBJC_ROOT_CLASS = YES_ERROR;
				CLANG_WARN_QUOTED_INCLUDE_IN_FRAMEWORK_HEADER = YES;
				CLANG_WARN_RANGE_LOOP_ANALYSIS = YES;
				CLANG_WARN_STRICT_PROTOTYPES = YES;
				CLANG_WARN_SUSPICIOUS_MOVE = YES;
				CLANG_WARN_UNGUARDED_AVAILABILITY = YES_AGGRESSIVE;
				CLANG_WARN_UNREACHABLE_CODE = YES;
				CLANG_WARN__DUPLICATE_METHOD_MATCH = YES;
				COPY_PHASE_STRIP = NO;
				DEBUG_INFORMATION_FORMAT = dwarf;
				ENABLE_STRICT_OBJC_MSGSEND = YES;
				ENABLE_TESTABILITY = YES;
				GCC_C_LANGUAGE_STANDARD = gnu11;
				GCC_DYNAMIC_NO_PIC = NO;
				GCC_NO_COMMON_BLOCKS = YES;
				GCC_OPTIMIZATION_LEVEL = 0;
				GCC_PREPROCESSOR_DEFINITIONS = (
					"DEBUG=1",
					"$(inherited)",
				);
				GCC_WARN_64_TO_32_BIT_CONVERSION = YES;
				GCC_WARN_ABOUT_RETURN_TYPE = YES_ERROR;
				GCC_WARN_UNDECLARED_SELECTOR = YES;
				GCC_WARN_UNINITIALIZED_AUTOS = YES_AGGRESSIVE;
				GCC_WARN_UNUSED_FUNCTION = YES;
				GCC_WARN_UNUSED_VARIABLE = YES;
				IPHONEOS_DEPLOYMENT_TARGET = 16.2;
				MTL_ENABLE_DEBUG_INFO = INCLUDE_SOURCE;
				MTL_FAST_MATH = YES;
				ONLY_ACTIVE_ARCH = YES;
				SDKROOT = iphoneos;
				SWIFT_ACTIVE_COMPILATION_CONDITIONS = DEBUG;
				SWIFT_OPTIMIZATION_LEVEL = "-Onone";
			};
			name = Debug;
		};
		04DF080029E8DE0C0061CF58 /* Release */ = {
			isa = XCBuildConfiguration;
			buildSettings = {
				ALWAYS_SEARCH_USER_PATHS = NO;
				CLANG_ANALYZER_NONNULL = YES;
				CLANG_ANALYZER_NUMBER_OBJECT_CONVERSION = YES_AGGRESSIVE;
				CLANG_CXX_LANGUAGE_STANDARD = "gnu++20";
				CLANG_ENABLE_MODULES = YES;
				CLANG_ENABLE_OBJC_ARC = YES;
				CLANG_ENABLE_OBJC_WEAK = YES;
				CLANG_WARN_BLOCK_CAPTURE_AUTORELEASING = YES;
				CLANG_WARN_BOOL_CONVERSION = YES;
				CLANG_WARN_COMMA = YES;
				CLANG_WARN_CONSTANT_CONVERSION = YES;
				CLANG_WARN_DEPRECATED_OBJC_IMPLEMENTATIONS = YES;
				CLANG_WARN_DIRECT_OBJC_ISA_USAGE = YES_ERROR;
				CLANG_WARN_DOCUMENTATION_COMMENTS = YES;
				CLANG_WARN_EMPTY_BODY = YES;
				CLANG_WARN_ENUM_CONVERSION = YES;
				CLANG_WARN_INFINITE_RECURSION = YES;
				CLANG_WARN_INT_CONVERSION = YES;
				CLANG_WARN_NON_LITERAL_NULL_CONVERSION = YES;
				CLANG_WARN_OBJC_IMPLICIT_RETAIN_SELF = YES;
				CLANG_WARN_OBJC_LITERAL_CONVERSION = YES;
				CLANG_WARN_OBJC_ROOT_CLASS = YES_ERROR;
				CLANG_WARN_QUOTED_INCLUDE_IN_FRAMEWORK_HEADER = YES;
				CLANG_WARN_RANGE_LOOP_ANALYSIS = YES;
				CLANG_WARN_STRICT_PROTOTYPES = YES;
				CLANG_WARN_SUSPICIOUS_MOVE = YES;
				CLANG_WARN_UNGUARDED_AVAILABILITY = YES_AGGRESSIVE;
				CLANG_WARN_UNREACHABLE_CODE = YES;
				CLANG_WARN__DUPLICATE_METHOD_MATCH = YES;
				COPY_PHASE_STRIP = NO;
				DEBUG_INFORMATION_FORMAT = "dwarf-with-dsym";
				ENABLE_NS_ASSERTIONS = NO;
				ENABLE_STRICT_OBJC_MSGSEND = YES;
				GCC_C_LANGUAGE_STANDARD = gnu11;
				GCC_NO_COMMON_BLOCKS = YES;
				GCC_WARN_64_TO_32_BIT_CONVERSION = YES;
				GCC_WARN_ABOUT_RETURN_TYPE = YES_ERROR;
				GCC_WARN_UNDECLARED_SELECTOR = YES;
				GCC_WARN_UNINITIALIZED_AUTOS = YES_AGGRESSIVE;
				GCC_WARN_UNUSED_FUNCTION = YES;
				GCC_WARN_UNUSED_VARIABLE = YES;
				IPHONEOS_DEPLOYMENT_TARGET = 16.2;
				MTL_ENABLE_DEBUG_INFO = NO;
				MTL_FAST_MATH = YES;
				SDKROOT = iphoneos;
				SWIFT_COMPILATION_MODE = wholemodule;
				SWIFT_OPTIMIZATION_LEVEL = "-O";
				VALIDATE_PRODUCT = YES;
			};
			name = Release;
		};
		04DF080229E8DE0C0061CF58 /* Debug */ = {
			isa = XCBuildConfiguration;
			buildSettings = {
				ASSETCATALOG_COMPILER_APPICON_NAME = AppIcon;
				ASSETCATALOG_COMPILER_GLOBAL_ACCENT_COLOR_NAME = AccentColor;
				CODE_SIGN_STYLE = Automatic;
				CURRENT_PROJECT_VERSION = 1;
				DEVELOPMENT_ASSET_PATHS = "\"0706012110045-Nicholas CI-AFL 3/Preview Content\"";
				DEVELOPMENT_TEAM = 592BA54XZ3;
				ENABLE_PREVIEWS = YES;
				GENERATE_INFOPLIST_FILE = YES;
				INFOPLIST_KEY_UIApplicationSceneManifest_Generation = YES;
				INFOPLIST_KEY_UIApplicationSupportsIndirectInputEvents = YES;
				INFOPLIST_KEY_UILaunchScreen_Generation = YES;
				INFOPLIST_KEY_UISupportedInterfaceOrientations_iPad = "UIInterfaceOrientationPortrait UIInterfaceOrientationPortraitUpsideDown UIInterfaceOrientationLandscapeLeft UIInterfaceOrientationLandscapeRight";
				INFOPLIST_KEY_UISupportedInterfaceOrientations_iPhone = "UIInterfaceOrientationPortrait UIInterfaceOrientationLandscapeLeft UIInterfaceOrientationLandscapeRight";
				LD_RUNPATH_SEARCH_PATHS = (
					"$(inherited)",
					"@executable_path/Frameworks",
				);
				MARKETING_VERSION = 1.0;
				PRODUCT_BUNDLE_IDENTIFIER = "nicholas.-706012110045-Nicholas-CI-AFL-3";
				PRODUCT_NAME = "$(TARGET_NAME)";
				SWIFT_EMIT_LOC_STRINGS = YES;
				SWIFT_VERSION = 5.0;
				TARGETED_DEVICE_FAMILY = "1,2";
			};
			name = Debug;
		};
		04DF080329E8DE0C0061CF58 /* Release */ = {
			isa = XCBuildConfiguration;
			buildSettings = {
				ASSETCATALOG_COMPILER_APPICON_NAME = AppIcon;
				ASSETCATALOG_COMPILER_GLOBAL_ACCENT_COLOR_NAME = AccentColor;
				CODE_SIGN_STYLE = Automatic;
				CURRENT_PROJECT_VERSION = 1;
				DEVELOPMENT_ASSET_PATHS = "\"0706012110045-Nicholas CI-AFL 3/Preview Content\"";
				DEVELOPMENT_TEAM = 592BA54XZ3;
				ENABLE_PREVIEWS = YES;
				GENERATE_INFOPLIST_FILE = YES;
				INFOPLIST_KEY_UIApplicationSceneManifest_Generation = YES;
				INFOPLIST_KEY_UIApplicationSupportsIndirectInputEvents = YES;
				INFOPLIST_KEY_UILaunchScreen_Generation = YES;
				INFOPLIST_KEY_UISupportedInterfaceOrientations_iPad = "UIInterfaceOrientationPortrait UIInterfaceOrientationPortraitUpsideDown UIInterfaceOrientationLandscapeLeft UIInterfaceOrientationLandscapeRight";
				INFOPLIST_KEY_UISupportedInterfaceOrientations_iPhone = "UIInterfaceOrientationPortrait UIInterfaceOrientationLandscapeLeft UIInterfaceOrientationLandscapeRight";
				LD_RUNPATH_SEARCH_PATHS = (
					"$(inherited)",
					"@executable_path/Frameworks",
				);
				MARKETING_VERSION = 1.0;
				PRODUCT_BUNDLE_IDENTIFIER = "nicholas.-706012110045-Nicholas-CI-AFL-3";
				PRODUCT_NAME = "$(TARGET_NAME)";
				SWIFT_EMIT_LOC_STRINGS = YES;
				SWIFT_VERSION = 5.0;
				TARGETED_DEVICE_FAMILY = "1,2";
			};
			name = Release;
		};
/* End XCBuildConfiguration section */

/* Begin XCConfigurationList section */
		04216B9529EE322B00617856 /* Build configuration list for PBXNativeTarget "MacLandmarks" */ = {
			isa = XCConfigurationList;
			buildConfigurations = (
				04216B9629EE322B00617856 /* Debug */,
				04216B9729EE322B00617856 /* Release */,
			);
			defaultConfigurationIsVisible = 0;
			defaultConfigurationName = Release;
		};
		04DF07EE29E8DE0B0061CF58 /* Build configuration list for PBXProject "0706012110045-Nicholas CI-AFL 3" */ = {
			isa = XCConfigurationList;
			buildConfigurations = (
				04DF07FF29E8DE0C0061CF58 /* Debug */,
				04DF080029E8DE0C0061CF58 /* Release */,
			);
			defaultConfigurationIsVisible = 0;
			defaultConfigurationName = Release;
		};
		04DF080129E8DE0C0061CF58 /* Build configuration list for PBXNativeTarget "0706012110045-Nicholas CI-AFL 3" */ = {
			isa = XCConfigurationList;
			buildConfigurations = (
				04DF080229E8DE0C0061CF58 /* Debug */,
				04DF080329E8DE0C0061CF58 /* Release */,
			);
			defaultConfigurationIsVisible = 0;
			defaultConfigurationName = Release;
		};
/* End XCConfigurationList section */
	};
	rootObject = 04DF07EB29E8DE0B0061CF58 /* Project object */;
}
